
Microsoft Visual Studio Solution File, Format Version 12.00
# Visual Studio Version 17
VisualStudioVersion = 17.4.33205.214
MinimumVisualStudioVersion = 10.0.40219.1
Project("{FAE04EC0-301F-11D3-BF4B-00C04F79EFBC}") = "to-do list app", "to-do list app\to-do list app.csproj", "{AA5E6953-D36D-40B4-861C-4B4E7B1F4231}"
EndProject
Global
	GlobalSection(SolutionConfigurationPlatforms) = preSolution
		Debug|Any CPU = Debug|Any CPU
		Release|Any CPU = Release|Any CPU
	EndGlobalSection
	GlobalSection(ProjectConfigurationPlatforms) = postSolution
		{AA5E6953-D36D-40B4-861C-4B4E7B1F4231}.Debug|Any CPU.ActiveCfg = Debug|Any CPU
		{AA5E6953-D36D-40B4-861C-4B4E7B1F4231}.Debug|Any CPU.Build.0 = Debug|Any CPU
		{AA5E6953-D36D-40B4-861C-4B4E7B1F4231}.Release|Any CPU.ActiveCfg = Release|Any CPU
		{AA5E6953-D36D-40B4-861C-4B4E7B1F4231}.Release|Any CPU.Build.0 = Release|Any CPU
	EndGlobalSection
	GlobalSection(SolutionProperties) = preSolution
		HideSolutionNode = FALSE
	EndGlobalSection
	GlobalSection(ExtensibilityGlobals) = postSolution
		SolutionGuid = {AF58F98F-1B65-4962-B9C1-98D5F6A836C3}
	EndGlobalSection
EndGlobal
